
Microsoft Visual Studio Solution File, Format Version 12.00
# Visual Studio Version 17
VisualStudioVersion = 17.9.34902.65
MinimumVisualStudioVersion = 10.0.40219.1
Project("{FAE04EC0-301F-11D3-BF4B-00C04F79EFBC}") = "PpServerBot", "PpServerBot.csproj", "{F76BAD64-9685-46F9-BEE2-9D62619340CB}"
EndProject
Global
	GlobalSection(SolutionConfigurationPlatforms) = preSolution
		Debug|Any CPU = Debug|Any CPU
		Release|Any CPU = Release|Any CPU
	EndGlobalSection
	GlobalSection(ProjectConfigurationPlatforms) = postSolution
		{F76BAD64-9685-46F9-BEE2-9D62619340CB}.Debug|Any CPU.ActiveCfg = Debug|Any CPU
		{F76BAD64-9685-46F9-BEE2-9D62619340CB}.Debug|Any CPU.Build.0 = Debug|Any CPU
		{F76BAD64-9685-46F9-BEE2-9D62619340CB}.Release|Any CPU.ActiveCfg = Release|Any CPU
		{F76BAD64-9685-46F9-BEE2-9D62619340CB}.Release|Any CPU.Build.0 = Release|Any CPU
	EndGlobalSection
	GlobalSection(SolutionProperties) = preSolution
		HideSolutionNode = FALSE
	EndGlobalSection
	GlobalSection(ExtensibilityGlobals) = postSolution
		SolutionGuid = {53966D5C-75DF-451E-ACB8-E132AC2F4CAD}
	EndGlobalSection
EndGlobal
